
Microsoft Visual Studio Solution File, Format Version 12.00
# Visual Studio Version 16
VisualStudioVersion = 16.0.30114.105
MinimumVisualStudioVersion = 10.0.40219.1
Project("{9A19103F-16F7-4668-BE54-9A1E7A4F7556}") = "Cuna.Mutual.Back.End.Exercise.Api", "Cuna.Mutual.Beck.End.Exercise\Cuna.Mutual.Back.End.Exercise.Api.csproj", "{6955B9BA-7BE8-4F72-B6BE-8DC49D150565}"
EndProject
Project("{9A19103F-16F7-4668-BE54-9A1E7A4F7556}") = "Cuna.Mutual.Back.End.Exercise.UnitTest", "Cuna.Mutual.Beck.End.Exercise.UnitTest\Cuna.Mutual.Back.End.Exercise.UnitTest.csproj", "{60305A20-2F63-4F7B-B682-82C1494124B4}"
EndProject
Global
	GlobalSection(SolutionConfigurationPlatforms) = preSolution
		Debug|Any CPU = Debug|Any CPU
		Release|Any CPU = Release|Any CPU
	EndGlobalSection
	GlobalSection(ProjectConfigurationPlatforms) = postSolution
		{6955B9BA-7BE8-4F72-B6BE-8DC49D150565}.Debug|Any CPU.ActiveCfg = Debug|Any CPU
		{6955B9BA-7BE8-4F72-B6BE-8DC49D150565}.Debug|Any CPU.Build.0 = Debug|Any CPU
		{6955B9BA-7BE8-4F72-B6BE-8DC49D150565}.Release|Any CPU.ActiveCfg = Release|Any CPU
		{6955B9BA-7BE8-4F72-B6BE-8DC49D150565}.Release|Any CPU.Build.0 = Release|Any CPU
		{60305A20-2F63-4F7B-B682-82C1494124B4}.Debug|Any CPU.ActiveCfg = Debug|Any CPU
		{60305A20-2F63-4F7B-B682-82C1494124B4}.Debug|Any CPU.Build.0 = Debug|Any CPU
		{60305A20-2F63-4F7B-B682-82C1494124B4}.Release|Any CPU.ActiveCfg = Release|Any CPU
		{60305A20-2F63-4F7B-B682-82C1494124B4}.Release|Any CPU.Build.0 = Release|Any CPU
	EndGlobalSection
	GlobalSection(SolutionProperties) = preSolution
		HideSolutionNode = FALSE
	EndGlobalSection
	GlobalSection(ExtensibilityGlobals) = postSolution
		SolutionGuid = {BD34141C-88B0-45F4-A9FC-8D962C1A54EB}
	EndGlobalSection
EndGlobal
